
Microsoft Visual Studio Solution File, Format Version 11.00
# Visual Studio 2010
Project("{FAE04EC0-301F-11D3-BF4B-00C04F79EFBC}") = "Assembly-CSharp", "Assembly-CSharp.csproj", "{26598E1B-6BC1-702A-42CD-FE3836BDCCD1}"
EndProject
Project("{FAE04EC0-301F-11D3-BF4B-00C04F79EFBC}") = "UniRx", "UniRx.csproj", "{1B85C4F0-D500-C54A-5224-1AF21B7F66A2}"
EndProject
Project("{FAE04EC0-301F-11D3-BF4B-00C04F79EFBC}") = "UniRx.Examples", "UniRx.Examples.csproj", "{520E925F-F847-D0F5-8FC2-5AD20F9C83D5}"
EndProject
Project("{FAE04EC0-301F-11D3-BF4B-00C04F79EFBC}") = "Assembly-CSharp-firstpass", "Assembly-CSharp-firstpass.csproj", "{A3F10363-5084-FA7E-37BC-1D850F7C1086}"
EndProject
Global
	GlobalSection(SolutionConfigurationPlatforms) = preSolution
		Debug|Any CPU = Debug|Any CPU
		Release|Any CPU = Release|Any CPU
	EndGlobalSection
	GlobalSection(ProjectConfigurationPlatforms) = postSolution
		{26598E1B-6BC1-702A-42CD-FE3836BDCCD1}.Debug|Any CPU.ActiveCfg = Debug|Any CPU
		{26598E1B-6BC1-702A-42CD-FE3836BDCCD1}.Debug|Any CPU.Build.0 = Debug|Any CPU
		{26598E1B-6BC1-702A-42CD-FE3836BDCCD1}.Release|Any CPU.ActiveCfg = Release|Any CPU
		{26598E1B-6BC1-702A-42CD-FE3836BDCCD1}.Release|Any CPU.Build.0 = Release|Any CPU
		{1B85C4F0-D500-C54A-5224-1AF21B7F66A2}.Debug|Any CPU.ActiveCfg = Debug|Any CPU
		{1B85C4F0-D500-C54A-5224-1AF21B7F66A2}.Debug|Any CPU.Build.0 = Debug|Any CPU
		{1B85C4F0-D500-C54A-5224-1AF21B7F66A2}.Release|Any CPU.ActiveCfg = Release|Any CPU
		{1B85C4F0-D500-C54A-5224-1AF21B7F66A2}.Release|Any CPU.Build.0 = Release|Any CPU
		{520E925F-F847-D0F5-8FC2-5AD20F9C83D5}.Debug|Any CPU.ActiveCfg = Debug|Any CPU
		{520E925F-F847-D0F5-8FC2-5AD20F9C83D5}.Debug|Any CPU.Build.0 = Debug|Any CPU
		{520E925F-F847-D0F5-8FC2-5AD20F9C83D5}.Release|Any CPU.ActiveCfg = Release|Any CPU
		{520E925F-F847-D0F5-8FC2-5AD20F9C83D5}.Release|Any CPU.Build.0 = Release|Any CPU
		{A3F10363-5084-FA7E-37BC-1D850F7C1086}.Debug|Any CPU.ActiveCfg = Debug|Any CPU
		{A3F10363-5084-FA7E-37BC-1D850F7C1086}.Debug|Any CPU.Build.0 = Debug|Any CPU
		{A3F10363-5084-FA7E-37BC-1D850F7C1086}.Release|Any CPU.ActiveCfg = Release|Any CPU
		{A3F10363-5084-FA7E-37BC-1D850F7C1086}.Release|Any CPU.Build.0 = Release|Any CPU
	EndGlobalSection
	GlobalSection(SolutionProperties) = preSolution
		HideSolutionNode = FALSE
	EndGlobalSection
EndGlobal
